dependencies:
- name: postgresql
  repository: https://raw.githubusercontent.com/bitnami/charts/archive-full-index/bitnami
  version: 12.12.10
- name: mysql
  repository: https://raw.githubusercontent.com/bitnami/charts/archive-full-index/bitnami
  version: 9.6.0
- name: common
  repository: oci://registry-1.docker.io/bitnamicharts
  version: 2.13.3
- name: openfga-operator
  repository: file://../openfga-operator
  version: 0.1.0
digest: sha256:d502dc105790995a4368a049c0f593820d08f2f82dc9c9a70480a343c7affe8b
generated: "2026-04-10T11:45:16.638975-04:00"
