dependencies:
- name: postgresql
  repository: https://charts.bitnami.com/bitnami
  version: 18.5.1
- name: mysql
  repository: https://charts.bitnami.com/bitnami
  version: 14.0.3
- name: common
  repository: oci://registry-1.docker.io/bitnamicharts
  version: 2.36.0
digest: sha256:4072ddbd107dcb4c6551b698f455f423603665054b5cbbe298d511f27bb20a8c
generated: "2026-03-02T05:53:45.877151781Z"
