dependencies:
- name: postgresql
  repository: https://charts.bitnami.com/bitnami
  version: 12.12.10
- name: mysql
  repository: https://charts.bitnami.com/bitnami
  version: 9.6.0
- name: common
  repository: oci://registry-1.docker.io/bitnamicharts
  version: 2.31.4
digest: sha256:2e4dba7715f62620b42b8f1f021e1d1def80fbf6c22052d3d12fca4cf3875780
generated: "2025-10-15T17:08:29.453093-04:00"
